
Microsoft Visual Studio Solution File, Format Version 12.00
# Visual Studio Version 16
VisualStudioVersion = 16.0.31728.308
MinimumVisualStudioVersion = 10.0.40219.1
Project("{8BC9CEB8-8B4A-11D0-8D11-00A0C91BC942}") = "edge_detection", "edge_detection\edge_detection.vcxproj", "{BBDEF3BC-BC58-48C4-BEAF-EE16F0382A5E}"
EndProject
Global
	GlobalSection(SolutionConfigurationPlatforms) = preSolution
		Debug|x64 = Debug|x64
		Debug|x86 = Debug|x86
		Release|x64 = Release|x64
		Release|x86 = Release|x86
	EndGlobalSection
	GlobalSection(ProjectConfigurationPlatforms) = postSolution
		{BBDEF3BC-BC58-48C4-BEAF-EE16F0382A5E}.Debug|x64.ActiveCfg = Debug|x64
		{BBDEF3BC-BC58-48C4-BEAF-EE16F0382A5E}.Debug|x64.Build.0 = Debug|x64
		{BBDEF3BC-BC58-48C4-BEAF-EE16F0382A5E}.Debug|x86.ActiveCfg = Debug|Win32
		{BBDEF3BC-BC58-48C4-BEAF-EE16F0382A5E}.Debug|x86.Build.0 = Debug|Win32
		{BBDEF3BC-BC58-48C4-BEAF-EE16F0382A5E}.Release|x64.ActiveCfg = Release|x64
		{BBDEF3BC-BC58-48C4-BEAF-EE16F0382A5E}.Release|x64.Build.0 = Release|x64
		{BBDEF3BC-BC58-48C4-BEAF-EE16F0382A5E}.Release|x86.ActiveCfg = Release|Win32
		{BBDEF3BC-BC58-48C4-BEAF-EE16F0382A5E}.Release|x86.Build.0 = Release|Win32
	EndGlobalSection
	GlobalSection(SolutionProperties) = preSolution
		HideSolutionNode = FALSE
	EndGlobalSection
	GlobalSection(ExtensibilityGlobals) = postSolution
		SolutionGuid = {16D6819F-CA51-4ECB-A61C-DDFC82BFD5F8}
	EndGlobalSection
EndGlobal
